// !$*UTF8*$!
{
	archiveVersion = 1;
	classes = {
	};
	objectVersion = 50;
	objects = {

/* Begin PBXBuildFile section */
		315140D32541F9FE000A43C7 /* Client.swift in Sources */ = {isa = PBXBuildFile; fileRef = 315140D22541F9FE000A43C7 /* Client.swift */; };
		315140DF25420E0E000A43C7 /* GetPhotosResponse.swift in Sources */ = {isa = PBXBuildFile; fileRef = 315140DE25420E0E000A43C7 /* GetPhotosResponse.swift */; };
		317CBCDE2540965F00280C5B /* AppDelegate.swift in Sources */ = {isa = PBXBuildFile; fileRef = 317CBCDD2540965F00280C5B /* AppDelegate.swift */; };
		317CBCE52540965F00280C5B /* Main.storyboard in Resources */ = {isa = PBXBuildFile; fileRef = 317CBCE32540965F00280C5B /* Main.storyboard */; };
		317CBCE72540966000280C5B /* Assets.xcassets in Resources */ = {isa = PBXBuildFile; fileRef = 317CBCE62540966000280C5B /* Assets.xcassets */; };
		317CBCEA2540966000280C5B /* LaunchScreen.storyboard in Resources */ = {isa = PBXBuildFile; fileRef = 317CBCE82540966000280C5B /* LaunchScreen.storyboard */; };
		317CBCF52540966000280C5B /* Virtual_TouristTests.swift in Sources */ = {isa = PBXBuildFile; fileRef = 317CBCF42540966000280C5B /* Virtual_TouristTests.swift */; };
		317CBD002540966000280C5B /* Virtual_TouristUITests.swift in Sources */ = {isa = PBXBuildFile; fileRef = 317CBCFF2540966000280C5B /* Virtual_TouristUITests.swift */; };
		317CBD172540BD4800280C5B /* MapViewController.swift in Sources */ = {isa = PBXBuildFile; fileRef = 317CBD162540BD4800280C5B /* MapViewController.swift */; };
		317CBD1C2540BD5900280C5B /* LocationImagesController.swift in Sources */ = {isa = PBXBuildFile; fileRef = 317CBD1B2540BD5900280C5B /* LocationImagesController.swift */; };
		317CBD252540D40500280C5B /* Pins&Photos.xcdatamodeld in Sources */ = {isa = PBXBuildFile; fileRef = 317CBD232540D40500280C5B /* Pins&Photos.xcdatamodeld */; };
		317CBD2A2540F03300280C5B /* DataController.swift in Sources */ = {isa = PBXBuildFile; fileRef = 317CBD292540F03300280C5B /* DataController.swift */; };
		31F7D5842541131700B10018 /* SceneDelegate.swift in Sources */ = {isa = PBXBuildFile; fileRef = 31F7D5832541131700B10018 /* SceneDelegate.swift */; };
/* End PBXBuildFile section */

/* Begin PBXContainerItemProxy section */
		317CBCF12540966000280C5B /* PBXContainerItemProxy */ = {
			isa = PBXContainerItemProxy;
			containerPortal = 317CBCD22540965F00280C5B /* Project object */;
			proxyType = 1;
			remoteGlobalIDString = 317CBCD92540965F00280C5B;
			remoteInfo = "Virtual Tourist";
		};
		317CBCFC2540966000280C5B /* PBXContainerItemProxy */ = {
			isa = PBXContainerItemProxy;
			containerPortal = 317CBCD22540965F00280C5B /* Project object */;
			proxyType = 1;
			remoteGlobalIDString = 317CBCD92540965F00280C5B;
			remoteInfo = "Virtual Tourist";
		};
/* End PBXContainerItemProxy section */

/* Begin PBXFileReference section */
		315140D22541F9FE000A43C7 /* Client.swift */ = {isa = PBXFileReference; lastKnownFileType = sourcecode.swift; path = Client.swift; sourceTree = "<group>"; };
		315140DE25420E0E000A43C7 /* GetPhotosResponse.swift */ = {isa = PBXFileReference; lastKnownFileType = sourcecode.swift; path = GetPhotosResponse.swift; sourceTree = "<group>"; };
		317CBCDA2540965F00280C5B /* Virtual Tourist.app */ = {isa = PBXFileReference; explicitFileType = wrapper.application; includeInIndex = 0; path = "Virtual Tourist.app"; sourceTree = BUILT_PRODUCTS_DIR; };
		317CBCDD2540965F00280C5B /* AppDelegate.swift */ = {isa = PBXFileReference; lastKnownFileType = sourcecode.swift; path = AppDelegate.swift; sourceTree = "<group>"; };
		317CBCE42540965F00280C5B /* Base */ = {isa = PBXFileReference; lastKnownFileType = file.storyboard; name = Base; path = Base.lproj/Main.storyboard; sourceTree = "<group>"; };
		317CBCE62540966000280C5B /* Assets.xcassets */ = {isa = PBXFileReference; lastKnownFileType = folder.assetcatalog; path = Assets.xcassets; sourceTree = "<group>"; };
		317CBCE92540966000280C5B /* Base */ = {isa = PBXFileReference; lastKnownFileType = file.storyboard; name = Base; path = Base.lproj/LaunchScreen.storyboard; sourceTree = "<group>"; };
		317CBCEB2540966000280C5B /* Info.plist */ = {isa = PBXFileReference; lastKnownFileType = text.plist.xml; path = Info.plist; sourceTree = "<group>"; };
		317CBCF02540966000280C5B /* Virtual TouristTests.xctest */ = {isa = PBXFileReference; explicitFileType = wrapper.cfbundle; includeInIndex = 0; path = "Virtual TouristTests.xctest"; sourceTree = BUILT_PRODUCTS_DIR; };
		317CBCF42540966000280C5B /* Virtual_TouristTests.swift */ = {isa = PBXFileReference; lastKnownFileType = sourcecode.swift; path = Virtual_TouristTests.swift; sourceTree = "<group>"; };
		317CBCF62540966000280C5B /* Info.plist */ = {isa = PBXFileReference; lastKnownFileType = text.plist.xml; path = Info.plist; sourceTree = "<group>"; };
		317CBCFB2540966000280C5B /* Virtual TouristUITests.xctest */ = {isa = PBXFileReference; explicitFileType = wrapper.cfbundle; includeInIndex = 0; path = "Virtual TouristUITests.xctest"; sourceTree = BUILT_PRODUCTS_DIR; };
		317CBCFF2540966000280C5B /* Virtual_TouristUITests.swift */ = {isa = PBXFileReference; lastKnownFileType = sourcecode.swift; path = Virtual_TouristUITests.swift; sourceTree = "<group>"; };
		317CBD012540966000280C5B /* Info.plist */ = {isa = PBXFileReference; lastKnownFileType = text.plist.xml; path = Info.plist; sourceTree = "<group>"; };
		317CBD162540BD4800280C5B /* MapViewController.swift */ = {isa = PBXFileReference; lastKnownFileType = sourcecode.swift; path = MapViewController.swift; sourceTree = "<group>"; };
		317CBD1B2540BD5900280C5B /* LocationImagesController.swift */ = {isa = PBXFileReference; lastKnownFileType = sourcecode.swift; path = LocationImagesController.swift; sourceTree = "<group>"; };
		317CBD242540D40500280C5B /* Pins&Photos.xcdatamodel */ = {isa = PBXFileReference; lastKnownFileType = wrapper.xcdatamodel; path = "Pins&Photos.xcdatamodel"; sourceTree = "<group>"; };
		317CBD292540F03300280C5B /* DataController.swift */ = {isa = PBXFileReference; lastKnownFileType = sourcecode.swift; path = DataController.swift; sourceTree = "<group>"; };
		31F7D5832541131700B10018 /* SceneDelegate.swift */ = {isa = PBXFileReference; fileEncoding = 4; lastKnownFileType = sourcecode.swift; path = SceneDelegate.swift; sourceTree = "<group>"; };
/* End PBXFileReference section */

/* Begin PBXFrameworksBuildPhase section */
		317CBCD72540965F00280C5B /* Frameworks */ = {
			isa = PBXFrameworksBuildPhase;
			buildActionMask = 2147483647;
			files = (
			);
			runOnlyForDeploymentPostprocessing = 0;
		};
		317CBCED2540966000280C5B /* Frameworks */ = {
			isa = PBXFrameworksBuildPhase;
			buildActionMask = 2147483647;
			files = (
			);
			runOnlyForDeploymentPostprocessing = 0;
		};
		317CBCF82540966000280C5B /* Frameworks */ = {
			isa = PBXFrameworksBuildPhase;
			buildActionMask = 2147483647;
			files = (
			);
			runOnlyForDeploymentPostprocessing = 0;
		};
/* End PBXFrameworksBuildPhase section */

/* Begin PBXGroup section */
		315140C92541DAA3000A43C7 /* Storyboards */ = {
			isa = PBXGroup;
			children = (
				317CBCE32540965F00280C5B /* Main.storyboard */,
				317CBCE82540966000280C5B /* LaunchScreen.storyboard */,
			);
			path = Storyboards;
			sourceTree = "<group>";
		};
		315140CA2541DAC8000A43C7 /* Data Model */ = {
			isa = PBXGroup;
			children = (
				317CBD232540D40500280C5B /* Pins&Photos.xcdatamodeld */,
			);
			path = "Data Model";
			sourceTree = "<group>";
		};
		315140CB2541DAD2000A43C7 /* View Controllers */ = {
			isa = PBXGroup;
			children = (
				317CBD162540BD4800280C5B /* MapViewController.swift */,
				317CBD1B2540BD5900280C5B /* LocationImagesController.swift */,
				317CBD292540F03300280C5B /* DataController.swift */,
			);
			path = "View Controllers";
			sourceTree = "<group>";
		};
		315140DA2541FA0E000A43C7 /* API client */ = {
			isa = PBXGroup;
			children = (
				315140D22541F9FE000A43C7 /* Client.swift */,
				315140DE25420E0E000A43C7 /* GetPhotosResponse.swift */,
			);
			path = "API client";
			sourceTree = "<group>";
		};
		317CBCD12540965F00280C5B = {
			isa = PBXGroup;
			children = (
				317CBCDC2540965F00280C5B /* Virtual Tourist */,
				315140C92541DAA3000A43C7 /* Storyboards */,
				317CBCF32540966000280C5B /* Virtual TouristTests */,
				317CBCFE2540966000280C5B /* Virtual TouristUITests */,
				317CBCDB2540965F00280C5B /* Products */,
			);
			sourceTree = "<group>";
		};
		317CBCDB2540965F00280C5B /* Products */ = {
			isa = PBXGroup;
			children = (
				317CBCDA2540965F00280C5B /* Virtual Tourist.app */,
				317CBCF02540966000280C5B /* Virtual TouristTests.xctest */,
				317CBCFB2540966000280C5B /* Virtual TouristUITests.xctest */,
			);
			name = Products;
			sourceTree = "<group>";
		};
		317CBCDC2540965F00280C5B /* Virtual Tourist */ = {
			isa = PBXGroup;
			children = (
				317CBCDD2540965F00280C5B /* AppDelegate.swift */,
				31F7D5832541131700B10018 /* SceneDelegate.swift */,
				315140DA2541FA0E000A43C7 /* API client */,
				315140CB2541DAD2000A43C7 /* View Controllers */,
				315140CA2541DAC8000A43C7 /* Data Model */,
				317CBCE62540966000280C5B /* Assets.xcassets */,
				317CBCEB2540966000280C5B /* Info.plist */,
			);
			path = "Virtual Tourist";
			sourceTree = "<group>";
		};
		317CBCF32540966000280C5B /* Virtual TouristTests */ = {
			isa = PBXGroup;
			children = (
				317CBCF42540966000280C5B /* Virtual_TouristTests.swift */,
				317CBCF62540966000280C5B /* Info.plist */,
			);
			path = "Virtual TouristTests";
			sourceTree = "<group>";
		};
		317CBCFE2540966000280C5B /* Virtual TouristUITests */ = {
			isa = PBXGroup;
			children = (
				317CBCFF2540966000280C5B /* Virtual_TouristUITests.swift */,
				317CBD012540966000280C5B /* Info.plist */,
			);
			path = "Virtual TouristUITests";
			sourceTree = "<group>";
		};
/* End PBXGroup section */

/* Begin PBXNativeTarget section */
		317CBCD92540965F00280C5B /* Virtual Tourist */ = {
			isa = PBXNativeTarget;
			buildConfigurationList = 317CBD042540966000280C5B /* Build configuration list for PBXNativeTarget "Virtual Tourist" */;
			buildPhases = (
				317CBCD62540965F00280C5B /* Sources */,
				317CBCD72540965F00280C5B /* Frameworks */,
				317CBCD82540965F00280C5B /* Resources */,
			);
			buildRules = (
			);
			dependencies = (
			);
			name = "Virtual Tourist";
			productName = "Virtual Tourist";
			productReference = 317CBCDA2540965F00280C5B /* Virtual Tourist.app */;
			productType = "com.apple.product-type.application";
		};
		317CBCEF2540966000280C5B /* Virtual TouristTests */ = {
			isa = PBXNativeTarget;
			buildConfigurationList = 317CBD072540966000280C5B /* Build configuration list for PBXNativeTarget "Virtual TouristTests" */;
			buildPhases = (
				317CBCEC2540966000280C5B /* Sources */,
				317CBCED2540966000280C5B /* Frameworks */,
				317CBCEE2540966000280C5B /* Resources */,
			);
			buildRules = (
			);
			dependencies = (
				317CBCF22540966000280C5B /* PBXTargetDependency */,
			);
			name = "Virtual TouristTests";
			productName = "Virtual TouristTests";
			productReference = 317CBCF02540966000280C5B /* Virtual TouristTests.xctest */;
			productType = "com.apple.product-type.bundle.unit-test";
		};
		317CBCFA2540966000280C5B /* Virtual TouristUITests */ = {
			isa = PBXNativeTarget;
			buildConfigurationList = 317CBD0A2540966000280C5B /* Build configuration list for PBXNativeTarget "Virtual TouristUITests" */;
			buildPhases = (
				317CBCF72540966000280C5B /* Sources */,
				317CBCF82540966000280C5B /* Frameworks */,
				317CBCF92540966000280C5B /* Resources */,
			);
			buildRules = (
			);
			dependencies = (
				317CBCFD2540966000280C5B /* PBXTargetDependency */,
			);
			name = "Virtual TouristUITests";
			productName = "Virtual TouristUITests";
			productReference = 317CBCFB2540966000280C5B /* Virtual TouristUITests.xctest */;
			productType = "com.apple.product-type.bundle.ui-testing";
		};
/* End PBXNativeTarget section */

/* Begin PBXProject section */
		317CBCD22540965F00280C5B /* Project object */ = {
			isa = PBXProject;
			attributes = {
				LastSwiftUpdateCheck = 1210;
				LastUpgradeCheck = 1210;
				TargetAttributes = {
					317CBCD92540965F00280C5B = {
						CreatedOnToolsVersion = 12.1;
					};
					317CBCEF2540966000280C5B = {
						CreatedOnToolsVersion = 12.1;
						TestTargetID = 317CBCD92540965F00280C5B;
					};
					317CBCFA2540966000280C5B = {
						CreatedOnToolsVersion = 12.1;
						TestTargetID = 317CBCD92540965F00280C5B;
					};
				};
			};
			buildConfigurationList = 317CBCD52540965F00280C5B /* Build configuration list for PBXProject "Virtual Tourist" */;
			compatibilityVersion = "Xcode 9.3";
			developmentRegion = en;
			hasScannedForEncodings = 0;
			knownRegions = (
				en,
				Base,
			);
			mainGroup = 317CBCD12540965F00280C5B;
			productRefGroup = 317CBCDB2540965F00280C5B /* Products */;
			projectDirPath = "";
			projectRoot = "";
			targets = (
				317CBCD92540965F00280C5B /* Virtual Tourist */,
				317CBCEF2540966000280C5B /* Virtual TouristTests */,
				317CBCFA2540966000280C5B /* Virtual TouristUITests */,
			);
		};
/* End PBXProject section */

/* Begin PBXResourcesBuildPhase section */
		317CBCD82540965F00280C5B /* Resources */ = {
			isa = PBXResourcesBuildPhase;
			buildActionMask = 2147483647;
			files = (
				317CBCEA2540966000280C5B /* LaunchScreen.storyboard in Resources */,
				317CBCE72540966000280C5B /* Assets.xcassets in Resources */,
				317CBCE52540965F00280C5B /* Main.storyboard in Resources */,
			);
			runOnlyForDeploymentPostprocessing = 0;
		};
		317CBCEE2540966000280C5B /* Resources */ = {
			isa = PBXResourcesBuildPhase;
			buildActionMask = 2147483647;
			files = (
			);
			runOnlyForDeploymentPostprocessing = 0;
		};
		317CBCF92540966000280C5B /* Resources */ = {
			isa = PBXResourcesBuildPhase;
			buildActionMask = 2147483647;
			files = (
			);
			runOnlyForDeploymentPostprocessing = 0;
		};
/* End PBXResourcesBuildPhase section */

/* Begin PBXSourcesBuildPhase section */
		317CBCD62540965F00280C5B /* Sources */ = {
			isa = PBXSourcesBuildPhase;
			buildActionMask = 2147483647;
			files = (
				317CBD252540D40500280C5B /* Pins&Photos.xcdatamodeld in Sources */,
				315140D32541F9FE000A43C7 /* Client.swift in Sources */,
				317CBD2A2540F03300280C5B /* DataController.swift in Sources */,
				317CBD1C2540BD5900280C5B /* LocationImagesController.swift in Sources */,
				317CBCDE2540965F00280C5B /* AppDelegate.swift in Sources */,
				317CBD172540BD4800280C5B /* MapViewController.swift in Sources */,
				315140DF25420E0E000A43C7 /* GetPhotosResponse.swift in Sources */,
				31F7D5842541131700B10018 /* SceneDelegate.swift in Sources */,
			);
			runOnlyForDeploymentPostprocessing = 0;
		};
		317CBCEC2540966000280C5B /* Sources */ = {
			isa = PBXSourcesBuildPhase;
			buildActionMask = 2147483647;
			files = (
				317CBCF52540966000280C5B /* Virtual_TouristTests.swift in Sources */,
			);
			runOnlyForDeploymentPostprocessing = 0;
		};
		317CBCF72540966000280C5B /* Sources */ = {
			isa = PBXSourcesBuildPhase;
			buildActionMask = 2147483647;
			files = (
				317CBD002540966000280C5B /* Virtual_TouristUITests.swift in Sources */,
			);
			runOnlyForDeploymentPostprocessing = 0;
		};
/* End PBXSourcesBuildPhase section */

/* Begin PBXTargetDependency section */
		317CBCF22540966000280C5B /* PBXTargetDependency */ = {
			isa = PBXTargetDependency;
			target = 317CBCD92540965F00280C5B /* Virtual Tourist */;
			targetProxy = 317CBCF12540966000280C5B /* PBXContainerItemProxy */;
		};
		317CBCFD2540966000280C5B /* PBXTargetDependency */ = {
			isa = PBXTargetDependency;
			target = 317CBCD92540965F00280C5B /* Virtual Tourist */;
			targetProxy = 317CBCFC2540966000280C5B /* PBXContainerItemProxy */;
		};
/* End PBXTargetDependency section */

/* Begin PBXVariantGroup section */
		317CBCE32540965F00280C5B /* Main.storyboard */ = {
			isa = PBXVariantGroup;
			children = (
				317CBCE42540965F00280C5B /* Base */,
			);
			name = Main.storyboard;
			sourceTree = "<group>";
		};
		317CBCE82540966000280C5B /* LaunchScreen.storyboard */ = {
			isa = PBXVariantGroup;
			children = (
				317CBCE92540966000280C5B /* Base */,
			);
			name = LaunchScreen.storyboard;
			sourceTree = "<group>";
		};
/* End PBXVariantGroup section */

/* Begin XCBuildConfiguration section */
		317CBD022540966000280C5B /* Debug */ = {
			isa = XCBuildConfiguration;
			buildSettings = {
				ALWAYS_SEARCH_USER_PATHS = NO;
				CLANG_ANALYZER_NONNULL = YES;
				CLANG_ANALYZER_NUMBER_OBJECT_CONVERSION = YES_AGGRESSIVE;
				CLANG_CXX_LANGUAGE_STANDARD = "gnu++14";
				CLANG_CXX_LIBRARY = "libc++";
				CLANG_ENABLE_MODULES = YES;
				CLANG_ENABLE_OBJC_ARC = YES;
				CLANG_ENABLE_OBJC_WEAK = YES;
				CLANG_WARN_BLOCK_CAPTURE_AUTORELEASING = YES;
				CLANG_WARN_BOOL_CONVERSION = YES;
				CLANG_WARN_COMMA = YES;
				CLANG_WARN_CONSTANT_CONVERSION = YES;
				CLANG_WARN_DEPRECATED_OBJC_IMPLEMENTATIONS = YES;
				CLANG_WARN_DIRECT_OBJC_ISA_USAGE = YES_ERROR;
				CLANG_WARN_DOCUMENTATION_COMMENTS = YES;
				CLANG_WARN_EMPTY_BODY = YES;
				CLANG_WARN_ENUM_CONVERSION = YES;
				CLANG_WARN_INFINITE_RECURSION = YES;
				CLANG_WARN_INT_CONVERSION = YES;
				CLANG_WARN_NON_LITERAL_NULL_CONVERSION = YES;
				CLANG_WARN_OBJC_IMPLICIT_RETAIN_SELF = YES;
				CLANG_WARN_OBJC_LITERAL_CONVERSION = YES;
				CLANG_WARN_OBJC_ROOT_CLASS = YES_ERROR;
				CLANG_WARN_QUOTED_INCLUDE_IN_FRAMEWORK_HEADER = YES;
				CLANG_WARN_RANGE_LOOP_ANALYSIS = YES;
				CLANG_WARN_STRICT_PROTOTYPES = YES;
				CLANG_WARN_SUSPICIOUS_MOVE = YES;
				CLANG_WARN_UNGUARDED_AVAILABILITY = YES_AGGRESSIVE;
				CLANG_WARN_UNREACHABLE_CODE = YES;
				CLANG_WARN__DUPLICATE_METHOD_MATCH = YES;
				COPY_PHASE_STRIP = NO;
				DEBUG_INFORMATION_FORMAT = dwarf;
				ENABLE_STRICT_OBJC_MSGSEND = YES;
				ENABLE_TESTABILITY = YES;
				GCC_C_LANGUAGE_STANDARD = gnu11;
				GCC_DYNAMIC_NO_PIC = NO;
				GCC_NO_COMMON_BLOCKS = YES;
				GCC_OPTIMIZATION_LEVEL = 0;
				GCC_PREPROCESSOR_DEFINITIONS = (
					"DEBUG=1",
					"$(inherited)",
				);
				GCC_WARN_64_TO_32_BIT_CONVERSION = YES;
				GCC_WARN_ABOUT_RETURN_TYPE = YES_ERROR;
				GCC_WARN_UNDECLARED_SELECTOR = YES;
				GCC_WARN_UNINITIALIZED_AUTOS = YES_AGGRESSIVE;
				GCC_WARN_UNUSED_FUNCTION = YES;
				GCC_WARN_UNUSED_VARIABLE = YES;
				IPHONEOS_DEPLOYMENT_TARGET = 14.1;
				MTL_ENABLE_DEBUG_INFO = INCLUDE_SOURCE;
				MTL_FAST_MATH = YES;
				ONLY_ACTIVE_ARCH = YES;
				SDKROOT = iphoneos;
				SWIFT_ACTIVE_COMPILATION_CONDITIONS = DEBUG;
				SWIFT_OPTIMIZATION_LEVEL = "-Onone";
			};
			name = Debug;
		};
		317CBD032540966000280C5B /* Release */ = {
			isa = XCBuildConfiguration;
			buildSettings = {
				ALWAYS_SEARCH_USER_PATHS = NO;
				CLANG_ANALYZER_NONNULL = YES;
				CLANG_ANALYZER_NUMBER_OBJECT_CONVERSION = YES_AGGRESSIVE;
				CLANG_CXX_LANGUAGE_STANDARD = "gnu++14";
				CLANG_CXX_LIBRARY = "libc++";
				CLANG_ENABLE_MODULES = YES;
				CLANG_ENABLE_OBJC_ARC = YES;
				CLANG_ENABLE_OBJC_WEAK = YES;
				CLANG_WARN_BLOCK_CAPTURE_AUTORELEASING = YES;
				CLANG_WARN_BOOL_CONVERSION = YES;
				CLANG_WARN_COMMA = YES;
				CLANG_WARN_CONSTANT_CONVERSION = YES;
				CLANG_WARN_DEPRECATED_OBJC_IMPLEMENTATIONS = YES;
				CLANG_WARN_DIRECT_OBJC_ISA_USAGE = YES_ERROR;
				CLANG_WARN_DOCUMENTATION_COMMENTS = YES;
				CLANG_WARN_EMPTY_BODY = YES;
				CLANG_WARN_ENUM_CONVERSION = YES;
				CLANG_WARN_INFINITE_RECURSION = YES;
				CLANG_WARN_INT_CONVERSION = YES;
				CLANG_WARN_NON_LITERAL_NULL_CONVERSION = YES;
				CLANG_WARN_OBJC_IMPLICIT_RETAIN_SELF = YES;
				CLANG_WARN_OBJC_LITERAL_CONVERSION = YES;
				CLANG_WARN_OBJC_ROOT_CLASS = YES_ERROR;
				CLANG_WARN_QUOTED_INCLUDE_IN_FRAMEWORK_HEADER = YES;
				CLANG_WARN_RANGE_LOOP_ANALYSIS = YES;
				CLANG_WARN_STRICT_PROTOTYPES = YES;
				CLANG_WARN_SUSPICIOUS_MOVE = YES;
				CLANG_WARN_UNGUARDED_AVAILABILITY = YES_AGGRESSIVE;
				CLANG_WARN_UNREACHABLE_CODE = YES;
				CLANG_WARN__DUPLICATE_METHOD_MATCH = YES;
				COPY_PHASE_STRIP = NO;
				DEBUG_INFORMATION_FORMAT = "dwarf-with-dsym";
				ENABLE_NS_ASSERTIONS = NO;
				ENABLE_STRICT_OBJC_MSGSEND = YES;
				GCC_C_LANGUAGE_STANDARD = gnu11;
				GCC_NO_COMMON_BLOCKS = YES;
				GCC_WARN_64_TO_32_BIT_CONVERSION = YES;
				GCC_WARN_ABOUT_RETURN_TYPE = YES_ERROR;
				GCC_WARN_UNDECLARED_SELECTOR = YES;
				GCC_WARN_UNINITIALIZED_AUTOS = YES_AGGRESSIVE;
				GCC_WARN_UNUSED_FUNCTION = YES;
				GCC_WARN_UNUSED_VARIABLE = YES;
				IPHONEOS_DEPLOYMENT_TARGET = 14.1;
				MTL_ENABLE_DEBUG_INFO = NO;
				MTL_FAST_MATH = YES;
				SDKROOT = iphoneos;
				SWIFT_COMPILATION_MODE = wholemodule;
				SWIFT_OPTIMIZATION_LEVEL = "-O";
				VALIDATE_PRODUCT = YES;
			};
			name = Release;
		};
		317CBD052540966000280C5B /* Debug */ = {
			isa = XCBuildConfiguration;
			buildSettings = {
				ASSETCATALOG_COMPILER_APPICON_NAME = AppIcon;
				ASSETCATALOG_COMPILER_GLOBAL_ACCENT_COLOR_NAME = AccentColor;
				CODE_SIGN_STYLE = Automatic;
				DEVELOPMENT_TEAM = 85965G969V;
				INFOPLIST_FILE = "Virtual Tourist/Info.plist";
				LD_RUNPATH_SEARCH_PATHS = (
					"$(inherited)",
					"@executable_path/Frameworks",
				);
				PRODUCT_BUNDLE_IDENTIFIER = "elina-mansurova.Virtual-Tourist";
				PRODUCT_NAME = "$(TARGET_NAME)";
				SWIFT_VERSION = 5.0;
				TARGETED_DEVICE_FAMILY = "1,2";
			};
			name = Debug;
		};
		317CBD062540966000280C5B /* Release */ = {
			isa = XCBuildConfiguration;
			buildSettings = {
				ASSETCATALOG_COMPILER_APPICON_NAME = AppIcon;
				ASSETCATALOG_COMPILER_GLOBAL_ACCENT_COLOR_NAME = AccentColor;
				CODE_SIGN_STYLE = Automatic;
				DEVELOPMENT_TEAM = 85965G969V;
				INFOPLIST_FILE = "Virtual Tourist/Info.plist";
				LD_RUNPATH_SEARCH_PATHS = (
					"$(inherited)",
					"@executable_path/Frameworks",
				);
				PRODUCT_BUNDLE_IDENTIFIER = "elina-mansurova.Virtual-Tourist";
				PRODUCT_NAME = "$(TARGET_NAME)";
				SWIFT_VERSION = 5.0;
				TARGETED_DEVICE_FAMILY = "1,2";
			};
			name = Release;
		};
		317CBD082540966000280C5B /* Debug */ = {
			isa = XCBuildConfiguration;
			buildSettings = {
				ALWAYS_EMBED_SWIFT_STANDARD_LIBRARIES = YES;
				BUNDLE_LOADER = "$(TEST_HOST)";
				CODE_SIGN_STYLE = Automatic;
				DEVELOPMENT_TEAM = 85965G969V;
				INFOPLIST_FILE = "Virtual TouristTests/Info.plist";
				IPHONEOS_DEPLOYMENT_TARGET = 14.1;
				LD_RUNPATH_SEARCH_PATHS = (
					"$(inherited)",
					"@executable_path/Frameworks",
					"@loader_path/Frameworks",
				);
				PRODUCT_BUNDLE_IDENTIFIER = "elina-mansurova.Virtual-TouristTests";
				PRODUCT_NAME = "$(TARGET_NAME)";
				SWIFT_VERSION = 5.0;
				TARGETED_DEVICE_FAMILY = "1,2";
				TEST_HOST = "$(BUILT_PRODUCTS_DIR)/Virtual Tourist.app/Virtual Tourist";
			};
			name = Debug;
		};
		317CBD092540966000280C5B /* Release */ = {
			isa = XCBuildConfiguration;
			buildSettings = {
				ALWAYS_EMBED_SWIFT_STANDARD_LIBRARIES = YES;
				BUNDLE_LOADER = "$(TEST_HOST)";
				CODE_SIGN_STYLE = Automatic;
				DEVELOPMENT_TEAM = 85965G969V;
				INFOPLIST_FILE = "Virtual TouristTests/Info.plist";
				IPHONEOS_DEPLOYMENT_TARGET = 14.1;
				LD_RUNPATH_SEARCH_PATHS = (
					"$(inherited)",
					"@executable_path/Frameworks",
					"@loader_path/Frameworks",
				);
				PRODUCT_BUNDLE_IDENTIFIER = "elina-mansurova.Virtual-TouristTests";
				PRODUCT_NAME = "$(TARGET_NAME)";
				SWIFT_VERSION = 5.0;
				TARGETED_DEVICE_FAMILY = "1,2";
				TEST_HOST = "$(BUILT_PRODUCTS_DIR)/Virtual Tourist.app/Virtual Tourist";
			};
			name = Release;
		};
		317CBD0B2540966000280C5B /* Debug */ = {
			isa = XCBuildConfiguration;
			buildSettings = {
				ALWAYS_EMBED_SWIFT_STANDARD_LIBRARIES = YES;
				CODE_SIGN_STYLE = Automatic;
				DEVELOPMENT_TEAM = 85965G969V;
				INFOPLIST_FILE = "Virtual TouristUITests/Info.plist";
				LD_RUNPATH_SEARCH_PATHS = (
					"$(inherited)",
					"@executable_path/Frameworks",
					"@loader_path/Frameworks",
				);
				PRODUCT_BUNDLE_IDENTIFIER = "elina-mansurova.Virtual-TouristUITests";
				PRODUCT_NAME = "$(TARGET_NAME)";
				SWIFT_VERSION = 5.0;
				TARGETED_DEVICE_FAMILY = "1,2";
				TEST_TARGET_NAME = "Virtual Tourist";
			};
			name = Debug;
		};
		317CBD0C2540966000280C5B /* Release */ = {
			isa = XCBuildConfiguration;
			buildSettings = {
				ALWAYS_EMBED_SWIFT_STANDARD_LIBRARIES = YES;
				CODE_SIGN_STYLE = Automatic;
				DEVELOPMENT_TEAM = 85965G969V;
				INFOPLIST_FILE = "Virtual TouristUITests/Info.plist";
				LD_RUNPATH_SEARCH_PATHS = (
					"$(inherited)",
					"@executable_path/Frameworks",
					"@loader_path/Frameworks",
				);
				PRODUCT_BUNDLE_IDENTIFIER = "elina-mansurova.Virtual-TouristUITests";
				PRODUCT_NAME = "$(TARGET_NAME)";
				SWIFT_VERSION = 5.0;
				TARGETED_DEVICE_FAMILY = "1,2";
				TEST_TARGET_NAME = "Virtual Tourist";
			};
			name = Release;
		};
/* End XCBuildConfiguration section */

/* Begin XCConfigurationList section */
		317CBCD52540965F00280C5B /* Build configuration list for PBXProject "Virtual Tourist" */ = {
			isa = XCConfigurationList;
			buildConfigurations = (
				317CBD022540966000280C5B /* Debug */,
				317CBD032540966000280C5B /* Release */,
			);
			defaultConfigurationIsVisible = 0;
			defaultConfigurationName = Release;
		};
		317CBD042540966000280C5B /* Build configuration list for PBXNativeTarget "Virtual Tourist" */ = {
			isa = XCConfigurationList;
			buildConfigurations = (
				317CBD052540966000280C5B /* Debug */,
				317CBD062540966000280C5B /* Release */,
			);
			defaultConfigurationIsVisible = 0;
			defaultConfigurationName = Release;
		};
		317CBD072540966000280C5B /* Build configuration list for PBXNativeTarget "Virtual TouristTests" */ = {
			isa = XCConfigurationList;
			buildConfigurations = (
				317CBD082540966000280C5B /* Debug */,
				317CBD092540966000280C5B /* Release */,
			);
			defaultConfigurationIsVisible = 0;
			defaultConfigurationName = Release;
		};
		317CBD0A2540966000280C5B /* Build configuration list for PBXNativeTarget "Virtual TouristUITests" */ = {
			isa = XCConfigurationList;
			buildConfigurations = (
				317CBD0B2540966000280C5B /* Debug */,
				317CBD0C2540966000280C5B /* Release */,
			);
			defaultConfigurationIsVisible = 0;
			defaultConfigurationName = Release;
		};
/* End XCConfigurationList section */

/* Begin XCVersionGroup section */
		317CBD232540D40500280C5B /* Pins&Photos.xcdatamodeld */ = {
			isa = XCVersionGroup;
			children = (
				317CBD242540D40500280C5B /* Pins&Photos.xcdatamodel */,
			);
			currentVersion = 317CBD242540D40500280C5B /* Pins&Photos.xcdatamodel */;
			path = "Pins&Photos.xcdatamodeld";
			sourceTree = "<group>";
			versionGroupType = wrapper.xcdatamodel;
		};
/* End XCVersionGroup section */
	};
	rootObject = 317CBCD22540965F00280C5B /* Project object */;
}
